// !$*UTF8*$!
{
	archiveVersion = 1;
	classes = {
	};
	objectVersion = 46;
	objects = {

/* Begin PBXBuildFile section */
		4ADB5AF81ADEFAE000DC769C /* main.m in Sources */ = {isa = PBXBuildFile; fileRef = 4ADB5AF71ADEFAE000DC769C /* main.m */; };
		4ADB5AFB1ADEFAE000DC769C /* AppDelegate.m in Sources */ = {isa = PBXBuildFile; fileRef = 4ADB5AFA1ADEFAE000DC769C /* AppDelegate.m */; };
		4ADB5B031ADEFAE000DC769C /* Images.xcassets in Resources */ = {isa = PBXBuildFile; fileRef = 4ADB5B021ADEFAE000DC769C /* Images.xcassets */; };
		4ADB5B061ADEFAE000DC769C /* LaunchScreen.xib in Resources */ = {isa = PBXBuildFile; fileRef = 4ADB5B041ADEFAE000DC769C /* LaunchScreen.xib */; };
		4ADB5B121ADEFAE000DC769C /* JoviTests.m in Sources */ = {isa = PBXBuildFile; fileRef = 4ADB5B111ADEFAE000DC769C /* JoviTests.m */; };
/* End PBXBuildFile section */

/* Begin PBXContainerItemProxy section */
		4ADB5B0C1ADEFAE000DC769C /* PBXContainerItemProxy */ = {
			isa = PBXContainerItemProxy;
			containerPortal = 4ADB5AEA1ADEFAE000DC769C /* Project object */;
			proxyType = 1;
			remoteGlobalIDString = 4ADB5AF11ADEFAE000DC769C;
			remoteInfo = Jovi;
		};
/* End PBXContainerItemProxy section */

/* Begin PBXFileReference section */
		4ADB5AF21ADEFAE000DC769C /* Jovi.app */ = {isa = PBXFileReference; explicitFileType = wrapper.application; includeInIndex = 0; path = Jovi.app; sourceTree = BUILT_PRODUCTS_DIR; };
		4ADB5AF61ADEFAE000DC769C /* Info.plist */ = {isa = PBXFileReference; lastKnownFileType = text.plist.xml; path = Info.plist; sourceTree = "<group>"; };
		4ADB5AF71ADEFAE000DC769C /* main.m */ = {isa = PBXFileReference; lastKnownFileType = sourcecode.c.objc; path = main.m; sourceTree = "<group>"; };
		4ADB5AF91ADEFAE000DC769C /* AppDelegate.h */ = {isa = PBXFileReference; lastKnownFileType = sourcecode.c.h; path = AppDelegate.h; sourceTree = "<group>"; };
		4ADB5AFA1ADEFAE000DC769C /* AppDelegate.m */ = {isa = PBXFileReference; lastKnownFileType = sourcecode.c.objc; path = AppDelegate.m; sourceTree = "<group>"; };
		4ADB5B021ADEFAE000DC769C /* Images.xcassets */ = {isa = PBXFileReference; lastKnownFileType = folder.assetcatalog; path = Images.xcassets; sourceTree = "<group>"; };
		4ADB5B051ADEFAE000DC769C /* Base */ = {isa = PBXFileReference; lastKnownFileType = file.xib; name = Base; path = Base.lproj/LaunchScreen.xib; sourceTree = "<group>"; };
		4ADB5B0B1ADEFAE000DC769C /* JoviTests.xctest */ = {isa = PBXFileReference; explicitFileType = wrapper.cfbundle; includeInIndex = 0; path = JoviTests.xctest; sourceTree = BUILT_PRODUCTS_DIR; };
		4ADB5B101ADEFAE000DC769C /* Info.plist */ = {isa = PBXFileReference; lastKnownFileType = text.plist.xml; path = Info.plist; sourceTree = "<group>"; };
		4ADB5B111ADEFAE000DC769C /* JoviTests.m */ = {isa = PBXFileReference; lastKnownFileType = sourcecode.c.objc; path = JoviTests.m; sourceTree = "<group>"; };
/* End PBXFileReference section */

/* Begin PBXFrameworksBuildPhase section */
		4ADB5AEF1ADEFAE000DC769C /* Frameworks */ = {
			isa = PBXFrameworksBuildPhase;
			buildActionMask = 2147483647;
			files = (
			);
			runOnlyForDeploymentPostprocessing = 0;
		};
		4ADB5B081ADEFAE000DC769C /* Frameworks */ = {
			isa = PBXFrameworksBuildPhase;
			buildActionMask = 2147483647;
			files = (
			);
			runOnlyForDeploymentPostprocessing = 0;
		};
/* End PBXFrameworksBuildPhase section */

/* Begin PBXGroup section */
		4ADB5AE91ADEFAE000DC769C = {
			isa = PBXGroup;
			children = (
				4ADB5AF41ADEFAE000DC769C /* Jovi */,
				4ADB5B0E1ADEFAE000DC769C /* JoviTests */,
				4ADB5AF31ADEFAE000DC769C /* Products */,
			);
			sourceTree = "<group>";
		};
		4ADB5AF31ADEFAE000DC769C /* Products */ = {
			isa = PBXGroup;
			children = (
				4ADB5AF21ADEFAE000DC769C /* Jovi.app */,
				4ADB5B0B1ADEFAE000DC769C /* JoviTests.xctest */,
			);
			name = Products;
			sourceTree = "<group>";
		};
		4ADB5AF41ADEFAE000DC769C /* Jovi */ = {
			isa = PBXGroup;
			children = (
				4ADB5AF91ADEFAE000DC769C /* AppDelegate.h */,
				4ADB5AFA1ADEFAE000DC769C /* AppDelegate.m */,
				4ADB5B021ADEFAE000DC769C /* Images.xcassets */,
				4ADB5B041ADEFAE000DC769C /* LaunchScreen.xib */,
				4ADB5AF51ADEFAE000DC769C /* Supporting Files */,
			);
			path = Jovi;
			sourceTree = "<group>";
		};
		4ADB5AF51ADEFAE000DC769C /* Supporting Files */ = {
			isa = PBXGroup;
			children = (
				4ADB5AF61ADEFAE000DC769C /* Info.plist */,
				4ADB5AF71ADEFAE000DC769C /* main.m */,
			);
			name = "Supporting Files";
			sourceTree = "<group>";
		};
		4ADB5B0E1ADEFAE000DC769C /* JoviTests */ = {
			isa = PBXGroup;
			children = (
				4ADB5B111ADEFAE000DC769C /* JoviTests.m */,
				4ADB5B0F1ADEFAE000DC769C /* Supporting Files */,
			);
			path = JoviTests;
			sourceTree = "<group>";
		};
		4ADB5B0F1ADEFAE000DC769C /* Supporting Files */ = {
			isa = PBXGroup;
			children = (
				4ADB5B101ADEFAE000DC769C /* Info.plist */,
			);
			name = "Supporting Files";
			sourceTree = "<group>";
		};
/* End PBXGroup section */

/* Begin PBXNativeTarget section */
		4ADB5AF11ADEFAE000DC769C /* Jovi */ = {
			isa = PBXNativeTarget;
			buildConfigurationList = 4ADB5B151ADEFAE000DC769C /* Build configuration list for PBXNativeTarget "Jovi" */;
			buildPhases = (
				4ADB5AEE1ADEFAE000DC769C /* Sources */,
				4ADB5AEF1ADEFAE000DC769C /* Frameworks */,
				4ADB5AF01ADEFAE000DC769C /* Resources */,
			);
			buildRules = (
			);
			dependencies = (
			);
			name = Jovi;
			productName = Jovi;
			productReference = 4ADB5AF21ADEFAE000DC769C /* Jovi.app */;
			productType = "com.apple.product-type.application";
		};
		4ADB5B0A1ADEFAE000DC769C /* JoviTests */ = {
			isa = PBXNativeTarget;
			buildConfigurationList = 4ADB5B181ADEFAE000DC769C /* Build configuration list for PBXNativeTarget "JoviTests" */;
			buildPhases = (
				4ADB5B071ADEFAE000DC769C /* Sources */,
				4ADB5B081ADEFAE000DC769C /* Frameworks */,
				4ADB5B091ADEFAE000DC769C /* Resources */,
			);
			buildRules = (
			);
			dependencies = (
				4ADB5B0D1ADEFAE000DC769C /* PBXTargetDependency */,
			);
			name = JoviTests;
			productName = JoviTests;
			productReference = 4ADB5B0B1ADEFAE000DC769C /* JoviTests.xctest */;
			productType = "com.apple.product-type.bundle.unit-test";
		};
/* End PBXNativeTarget section */

/* Begin PBXProject section */
		4ADB5AEA1ADEFAE000DC769C /* Project object */ = {
			isa = PBXProject;
			attributes = {
				LastUpgradeCheck = 0630;
				ORGANIZATIONNAME = "Jovi LLC";
				TargetAttributes = {
					4ADB5AF11ADEFAE000DC769C = {
						CreatedOnToolsVersion = 6.3;
					};
					4ADB5B0A1ADEFAE000DC769C = {
						CreatedOnToolsVersion = 6.3;
						TestTargetID = 4ADB5AF11ADEFAE000DC769C;
					};
				};
			};
			buildConfigurationList = 4ADB5AED1ADEFAE000DC769C /* Build configuration list for PBXProject "Jovi" */;
			compatibilityVersion = "Xcode 3.2";
			developmentRegion = English;
			hasScannedForEncodings = 0;
			knownRegions = (
				en,
				Base,
			);
			mainGroup = 4ADB5AE91ADEFAE000DC769C;
			productRefGroup = 4ADB5AF31ADEFAE000DC769C /* Products */;
			projectDirPath = "";
			projectRoot = "";
			targets = (
				4ADB5AF11ADEFAE000DC769C /* Jovi */,
				4ADB5B0A1ADEFAE000DC769C /* JoviTests */,
			);
		};
/* End PBXProject section */

/* Begin PBXResourcesBuildPhase section */
		4ADB5AF01ADEFAE000DC769C /* Resources */ = {
			isa = PBXResourcesBuildPhase;
			buildActionMask = 2147483647;
			files = (
				4ADB5B061ADEFAE000DC769C /* LaunchScreen.xib in Resources */,
				4ADB5B031ADEFAE000DC769C /* Images.xcassets in Resources */,
			);
			runOnlyForDeploymentPostprocessing = 0;
		};
		4ADB5B091ADEFAE000DC769C /* Resources */ = {
			isa = PBXResourcesBuildPhase;
			buildActionMask = 2147483647;
			files = (
			);
			runOnlyForDeploymentPostprocessing = 0;
		};
/* End PBXResourcesBuildPhase section */

/* Begin PBXSourcesBuildPhase section */
		4ADB5AEE1ADEFAE000DC769C /* Sources */ = {
			isa = PBXSourcesBuildPhase;
			buildActionMask = 2147483647;
			files = (
				4ADB5AFB1ADEFAE000DC769C /* AppDelegate.m in Sources */,
				4ADB5AF81ADEFAE000DC769C /* main.m in Sources */,
			);
			runOnlyForDeploymentPostprocessing = 0;
		};
		4ADB5B071ADEFAE000DC769C /* Sources */ = {
			isa = PBXSourcesBuildPhase;
			buildActionMask = 2147483647;
			files = (
				4ADB5B121ADEFAE000DC769C /* JoviTests.m in Sources */,
			);
			runOnlyForDeploymentPostprocessing = 0;
		};
/* End PBXSourcesBuildPhase section */

/* Begin PBXTargetDependency section */
		4ADB5B0D1ADEFAE000DC769C /* PBXTargetDependency */ = {
			isa = PBXTargetDependency;
			target = 4ADB5AF11ADEFAE000DC769C /* Jovi */;
			targetProxy = 4ADB5B0C1ADEFAE000DC769C /* PBXContainerItemProxy */;
		};
/* End PBXTargetDependency section */

/* Begin PBXVariantGroup section */
		4ADB5B041ADEFAE000DC769C /* LaunchScreen.xib */ = {
			isa = PBXVariantGroup;
			children = (
				4ADB5B051ADEFAE000DC769C /* Base */,
			);
			name = LaunchScreen.xib;
			sourceTree = "<group>";
		};
/* End PBXVariantGroup section */

/* Begin XCBuildConfiguration section */
		4ADB5B131ADEFAE000DC769C /* Debug */ = {
			isa = XCBuildConfiguration;
			buildSettings = {
				ALWAYS_SEARCH_USER_PATHS = NO;
				CLANG_CXX_LANGUAGE_STANDARD = "gnu++0x";
				CLANG_CXX_LIBRARY = "libc++";
				CLANG_ENABLE_MODULES = YES;
				CLANG_ENABLE_OBJC_ARC = YES;
				CLANG_WARN_BOOL_CONVERSION = YES;
				CLANG_WARN_CONSTANT_CONVERSION = YES;
				CLANG_WARN_DIRECT_OBJC_ISA_USAGE = YES_ERROR;
				CLANG_WARN_EMPTY_BODY = YES;
				CLANG_WARN_ENUM_CONVERSION = YES;
				CLANG_WARN_INT_CONVERSION = YES;
				CLANG_WARN_OBJC_ROOT_CLASS = YES_ERROR;
				CLANG_WARN_UNREACHABLE_CODE = YES;
				CLANG_WARN__DUPLICATE_METHOD_MATCH = YES;
				"CODE_SIGN_IDENTITY[sdk=iphoneos*]" = "iPhone Developer";
				COPY_PHASE_STRIP = NO;
				DEBUG_INFORMATION_FORMAT = "dwarf-with-dsym";
				ENABLE_STRICT_OBJC_MSGSEND = YES;
				GCC_C_LANGUAGE_STANDARD = gnu99;
				GCC_DYNAMIC_NO_PIC = NO;
				GCC_NO_COMMON_BLOCKS = YES;
				GCC_OPTIMIZATION_LEVEL = 0;
				GCC_PREPROCESSOR_DEFINITIONS = (
					"DEBUG=1",
					"$(inherited)",
				);
				GCC_SYMBOLS_PRIVATE_EXTERN = NO;
				GCC_WARN_64_TO_32_BIT_CONVERSION = YES;
				GCC_WARN_ABOUT_RETURN_TYPE = YES_ERROR;
				GCC_WARN_UNDECLARED_SELECTOR = YES;
				GCC_WARN_UNINITIALIZED_AUTOS = YES_AGGRESSIVE;
				GCC_WARN_UNUSED_FUNCTION = YES;
				GCC_WARN_UNUSED_VARIABLE = YES;
				IPHONEOS_DEPLOYMENT_TARGET = 8.3;
				MTL_ENABLE_DEBUG_INFO = YES;
				ONLY_ACTIVE_ARCH = YES;
				SDKROOT = iphoneos;
			};
			name = Debug;
		};
		4ADB5B141ADEFAE000DC769C /* Release */ = {
			isa = XCBuildConfiguration;
			buildSettings = {
				ALWAYS_SEARCH_USER_PATHS = NO;
				CLANG_CXX_LANGUAGE_STANDARD = "gnu++0x";
				CLANG_CXX_LIBRARY = "libc++";
				CLANG_ENABLE_MODULES = YES;
				CLANG_ENABLE_OBJC_ARC = YES;
				CLANG_WARN_BOOL_CONVERSION = YES;
				CLANG_WARN_CONSTANT_CONVERSION = YES;
				CLANG_WARN_DIRECT_OBJC_ISA_USAGE = YES_ERROR;
				CLANG_WARN_EMPTY_BODY = YES;
				CLANG_WARN_ENUM_CONVERSION = YES;
				CLANG_WARN_INT_CONVERSION = YES;
				CLANG_WARN_OBJC_ROOT_CLASS = YES_ERROR;
				CLANG_WARN_UNREACHABLE_CODE = YES;
				CLANG_WARN__DUPLICATE_METHOD_MATCH = YES;
				"CODE_SIGN_IDENTITY[sdk=iphoneos*]" = "iPhone Developer";
				COPY_PHASE_STRIP = NO;
				DEBUG_INFORMATION_FORMAT = "dwarf-with-dsym";
				ENABLE_NS_ASSERTIONS = NO;
				ENABLE_STRICT_OBJC_MSGSEND = YES;
				GCC_C_LANGUAGE_STANDARD = gnu99;
				GCC_NO_COMMON_BLOCKS = YES;
				GCC_WARN_64_TO_32_BIT_CONVERSION = YES;
				GCC_WARN_ABOUT_RETURN_TYPE = YES_ERROR;
				GCC_WARN_UNDECLARED_SELECTOR = YES;
				GCC_WARN_UNINITIALIZED_AUTOS = YES_AGGRESSIVE;
				GCC_WARN_UNUSED_FUNCTION = YES;
				GCC_WARN_UNUSED_VARIABLE = YES;
				IPHONEOS_DEPLOYMENT_TARGET = 8.3;
				MTL_ENABLE_DEBUG_INFO = NO;
				SDKROOT = iphoneos;
				VALIDATE_PRODUCT = YES;
			};
			name = Release;
		};
		4ADB5B161ADEFAE000DC769C /* Debug */ = {
			isa = XCBuildConfiguration;
			buildSettings = {
				ASSETCATALOG_COMPILER_APPICON_NAME = AppIcon;
				INFOPLIST_FILE = Jovi/Info.plist;
				LD_RUNPATH_SEARCH_PATHS = "$(inherited) @executable_path/Frameworks";
				PRODUCT_NAME = "$(TARGET_NAME)";
			};
			name = Debug;
		};
		4ADB5B171ADEFAE000DC769C /* Release */ = {
			isa = XCBuildConfiguration;
			buildSettings = {
				ASSETCATALOG_COMPILER_APPICON_NAME = AppIcon;
				INFOPLIST_FILE = Jovi/Info.plist;
				LD_RUNPATH_SEARCH_PATHS = "$(inherited) @executable_path/Frameworks";
				PRODUCT_NAME = "$(TARGET_NAME)";
			};
			name = Release;
		};
		4ADB5B191ADEFAE000DC769C /* Debug */ = {
			isa = XCBuildConfiguration;
			buildSettings = {
				BUNDLE_LOADER = "$(TEST_HOST)";
				FRAMEWORK_SEARCH_PATHS = (
					"$(SDKROOT)/Developer/Library/Frameworks",
					"$(inherited)",
				);
				GCC_PREPROCESSOR_DEFINITIONS = (
					"DEBUG=1",
					"$(inherited)",
				);
				INFOPLIST_FILE = JoviTests/Info.plist;
				LD_RUNPATH_SEARCH_PATHS = "$(inherited) @executable_path/Frameworks @loader_path/Frameworks";
				PRODUCT_NAME = "$(TARGET_NAME)";
				TEST_HOST = "$(BUILT_PRODUCTS_DIR)/Jovi.app/Jovi";
			};
			name = Debug;
		};
		4ADB5B1A1ADEFAE000DC769C /* Release */ = {
			isa = XCBuildConfiguration;
			buildSettings = {
				BUNDLE_LOADER = "$(TEST_HOST)";
				FRAMEWORK_SEARCH_PATHS = (
					"$(SDKROOT)/Developer/Library/Frameworks",
					"$(inherited)",
				);
				INFOPLIST_FILE = JoviTests/Info.plist;
				LD_RUNPATH_SEARCH_PATHS = "$(inherited) @executable_path/Frameworks @loader_path/Frameworks";
				PRODUCT_NAME = "$(TARGET_NAME)";
				TEST_HOST = "$(BUILT_PRODUCTS_DIR)/Jovi.app/Jovi";
			};
			name = Release;
		};
/* End XCBuildConfiguration section */

/* Begin XCConfigurationList section */
		4ADB5AED1ADEFAE000DC769C /* Build configuration list for PBXProject "Jovi" */ = {
			isa = XCConfigurationList;
			buildConfigurations = (
				4ADB5B131ADEFAE000DC769C /* Debug */,
				4ADB5B141ADEFAE000DC769C /* Release */,
			);
			defaultConfigurationIsVisible = 0;
			defaultConfigurationName = Release;
		};
		4ADB5B151ADEFAE000DC769C /* Build configuration list for PBXNativeTarget "Jovi" */ = {
			isa = XCConfigurationList;
			buildConfigurations = (
				4ADB5B161ADEFAE000DC769C /* Debug */,
				4ADB5B171ADEFAE000DC769C /* Release */,
			);
			defaultConfigurationIsVisible = 0;
		};
		4ADB5B181ADEFAE000DC769C /* Build configuration list for PBXNativeTarget "JoviTests" */ = {
			isa = XCConfigurationList;
			buildConfigurations = (
				4ADB5B191ADEFAE000DC769C /* Debug */,
				4ADB5B1A1ADEFAE000DC769C /* Release */,
			);
			defaultConfigurationIsVisible = 0;
		};
/* End XCConfigurationList section */
	};
	rootObject = 4ADB5AEA1ADEFAE000DC769C /* Project object */;
}
